# THIS IS AN AUTOGENERATED FILE. DO NOT EDIT THIS FILE DIRECTLY.
# yarn lockfile v1


lit-element@^2.1.0:
  version "2.1.0"
  resolved "https://registry.yarnpkg.com/lit-element/-/lit-element-2.1.0.tgz#85bc3f1da0227f4b13de8a1be978229b9fa327e9"
  integrity sha512-0z/KHm1xZweivfOVRr8AKR06+D3k02u15m9s4jkuRdnGe5wfmEwePzrQQBsSZNILdnfJvfo3TJOeGhBCVZaPbw==
  dependencies:
    lit-html "^1.0.0"

lit-html@^0.14.0:
  version "0.14.0"
  resolved "https://registry.yarnpkg.com/lit-html/-/lit-html-0.14.0.tgz#d6830e8f55fb923b0f5824decf7da082a1d22997"
  integrity sha512-+xqUPzzJGEDqb0F5DOnMXvL0jxpkKebAMlXycKZxFtzlmD+qePEmYrEUPF9XVXcc5eYBzYXTCOUcjSCod4YvgQ==

lit-html@^1.0.0:
  version "1.1.0"
  resolved "https://registry.yarnpkg.com/lit-html/-/lit-html-1.1.0.tgz#6951fb717fb48fe34d915ae163448a04da321562"
  integrity sha512-ZDJHpJi09yknMpjwPI8fuSl5sUG7+pF+eE5WciFtgyX7zebvgMDBgSLq4knXa7grxM00RkQ7PBd7UZQiruA78Q==
